
Microsoft Visual Studio Solution File, Format Version 12.00
Project("{FAE04EC0-301F-11D3-BF4B-00C04F79EFBC}") = "ConsoleApp1", "ConsoleApp1\ConsoleApp1.csproj", "{5DDACAAF-47AB-41D2-BDA3-3F414F1A2362}"
EndProject
Project("{FAE04EC0-301F-11D3-BF4B-00C04F79EFBC}") = "liza", "liza\liza.csproj", "{E7A631FA-DD67-4B96-8D36-D8ADB7D05087}"
EndProject
Global
	GlobalSection(SolutionConfigurationPlatforms) = preSolution
		Debug|Any CPU = Debug|Any CPU
		Release|Any CPU = Release|Any CPU
	EndGlobalSection
	GlobalSection(ProjectConfigurationPlatforms) = postSolution
		{5DDACAAF-47AB-41D2-BDA3-3F414F1A2362}.Debug|Any CPU.ActiveCfg = Debug|Any CPU
		{5DDACAAF-47AB-41D2-BDA3-3F414F1A2362}.Debug|Any CPU.Build.0 = Debug|Any CPU
		{5DDACAAF-47AB-41D2-BDA3-3F414F1A2362}.Release|Any CPU.ActiveCfg = Release|Any CPU
		{5DDACAAF-47AB-41D2-BDA3-3F414F1A2362}.Release|Any CPU.Build.0 = Release|Any CPU
		{E7A631FA-DD67-4B96-8D36-D8ADB7D05087}.Debug|Any CPU.ActiveCfg = Debug|Any CPU
		{E7A631FA-DD67-4B96-8D36-D8ADB7D05087}.Debug|Any CPU.Build.0 = Debug|Any CPU
		{E7A631FA-DD67-4B96-8D36-D8ADB7D05087}.Release|Any CPU.ActiveCfg = Release|Any CPU
		{E7A631FA-DD67-4B96-8D36-D8ADB7D05087}.Release|Any CPU.Build.0 = Release|Any CPU
	EndGlobalSection
EndGlobal
